
Microsoft Visual Studio Solution File, Format Version 12.00
# Visual Studio 15
VisualStudioVersion = 15.0.28307.168
MinimumVisualStudioVersion = 10.0.40219.1
Project("{FAE04EC0-301F-11D3-BF4B-00C04F79EFBC}") = "queue_with_stacks", "queue_with_stacks\queue_with_stacks.csproj", "{B605D5B3-5B9D-4248-B14E-BD361E3A7E09}"
EndProject
Project("{FAE04EC0-301F-11D3-BF4B-00C04F79EFBC}") = "XUnitTestProject1", "XUnitTestProject1\XUnitTestProject1.csproj", "{EFF16DEB-6D22-4CA3-981A-E7F8388FA36A}"
EndProject
Global
	GlobalSection(SolutionConfigurationPlatforms) = preSolution
		Debug|Any CPU = Debug|Any CPU
		Release|Any CPU = Release|Any CPU
	EndGlobalSection
	GlobalSection(ProjectConfigurationPlatforms) = postSolution
		{B605D5B3-5B9D-4248-B14E-BD361E3A7E09}.Debug|Any CPU.ActiveCfg = Debug|Any CPU
		{B605D5B3-5B9D-4248-B14E-BD361E3A7E09}.Debug|Any CPU.Build.0 = Debug|Any CPU
		{B605D5B3-5B9D-4248-B14E-BD361E3A7E09}.Release|Any CPU.ActiveCfg = Release|Any CPU
		{B605D5B3-5B9D-4248-B14E-BD361E3A7E09}.Release|Any CPU.Build.0 = Release|Any CPU
		{EFF16DEB-6D22-4CA3-981A-E7F8388FA36A}.Debug|Any CPU.ActiveCfg = Debug|Any CPU
		{EFF16DEB-6D22-4CA3-981A-E7F8388FA36A}.Debug|Any CPU.Build.0 = Debug|Any CPU
		{EFF16DEB-6D22-4CA3-981A-E7F8388FA36A}.Release|Any CPU.ActiveCfg = Release|Any CPU
		{EFF16DEB-6D22-4CA3-981A-E7F8388FA36A}.Release|Any CPU.Build.0 = Release|Any CPU
	EndGlobalSection
	GlobalSection(SolutionProperties) = preSolution
		HideSolutionNode = FALSE
	EndGlobalSection
	GlobalSection(ExtensibilityGlobals) = postSolution
		SolutionGuid = {44BA3508-1F3C-4641-83B3-C21B40B21587}
	EndGlobalSection
EndGlobal
