
Microsoft Visual Studio Solution File, Format Version 12.00
# Visual Studio 15
VisualStudioVersion = 15.0.28307.168
MinimumVisualStudioVersion = 10.0.40219.1
Project("{FAE04EC0-301F-11D3-BF4B-00C04F79EFBC}") = "LinkedList", "LinkedList\LinkedList.csproj", "{A4CB46DB-C9E8-49D7-844C-A3D6563C6C8F}"
EndProject
Global
	GlobalSection(SolutionConfigurationPlatforms) = preSolution
		Debug|Any CPU = Debug|Any CPU
		Release|Any CPU = Release|Any CPU
	EndGlobalSection
	GlobalSection(ProjectConfigurationPlatforms) = postSolution
		{A4CB46DB-C9E8-49D7-844C-A3D6563C6C8F}.Debug|Any CPU.ActiveCfg = Debug|Any CPU
		{A4CB46DB-C9E8-49D7-844C-A3D6563C6C8F}.Debug|Any CPU.Build.0 = Debug|Any CPU
		{A4CB46DB-C9E8-49D7-844C-A3D6563C6C8F}.Release|Any CPU.ActiveCfg = Release|Any CPU
		{A4CB46DB-C9E8-49D7-844C-A3D6563C6C8F}.Release|Any CPU.Build.0 = Release|Any CPU
	EndGlobalSection
	GlobalSection(SolutionProperties) = preSolution
		HideSolutionNode = FALSE
	EndGlobalSection
	GlobalSection(ExtensibilityGlobals) = postSolution
		SolutionGuid = {C09BF595-EF3D-4C15-A590-BD250FD8840C}
	EndGlobalSection
EndGlobal
