
Microsoft Visual Studio Solution File, Format Version 12.00
# Visual Studio 15
VisualStudioVersion = 15.0.28307.168
MinimumVisualStudioVersion = 10.0.40219.1
Project("{FAE04EC0-301F-11D3-BF4B-00C04F79EFBC}") = "get-edges", "get-edges\get-edges.csproj", "{C77B96E2-C5D3-4363-A6FE-611735741775}"
EndProject
Project("{FAE04EC0-301F-11D3-BF4B-00C04F79EFBC}") = "XUnitTestProject1", "XUnitTestProject1\XUnitTestProject1.csproj", "{D128B158-D634-489D-A391-5F1C95343908}"
EndProject
Global
	GlobalSection(SolutionConfigurationPlatforms) = preSolution
		Debug|Any CPU = Debug|Any CPU
		Release|Any CPU = Release|Any CPU
	EndGlobalSection
	GlobalSection(ProjectConfigurationPlatforms) = postSolution
		{C77B96E2-C5D3-4363-A6FE-611735741775}.Debug|Any CPU.ActiveCfg = Debug|Any CPU
		{C77B96E2-C5D3-4363-A6FE-611735741775}.Debug|Any CPU.Build.0 = Debug|Any CPU
		{C77B96E2-C5D3-4363-A6FE-611735741775}.Release|Any CPU.ActiveCfg = Release|Any CPU
		{C77B96E2-C5D3-4363-A6FE-611735741775}.Release|Any CPU.Build.0 = Release|Any CPU
		{D128B158-D634-489D-A391-5F1C95343908}.Debug|Any CPU.ActiveCfg = Debug|Any CPU
		{D128B158-D634-489D-A391-5F1C95343908}.Debug|Any CPU.Build.0 = Debug|Any CPU
		{D128B158-D634-489D-A391-5F1C95343908}.Release|Any CPU.ActiveCfg = Release|Any CPU
		{D128B158-D634-489D-A391-5F1C95343908}.Release|Any CPU.Build.0 = Release|Any CPU
	EndGlobalSection
	GlobalSection(SolutionProperties) = preSolution
		HideSolutionNode = FALSE
	EndGlobalSection
	GlobalSection(ExtensibilityGlobals) = postSolution
		SolutionGuid = {DA6F713E-FF24-4935-AB4D-FEBBB774C6EB}
	EndGlobalSection
EndGlobal
