
Microsoft Visual Studio Solution File, Format Version 12.00
# Visual Studio 15
VisualStudioVersion = 15.0.28307.168
MinimumVisualStudioVersion = 10.0.40219.1
Project("{FAE04EC0-301F-11D3-BF4B-00C04F79EFBC}") = "depthFirst", "depthFirst\depthFirst.csproj", "{09DDC592-FB9C-4B80-B715-A7B6265684DC}"
EndProject
Project("{FAE04EC0-301F-11D3-BF4B-00C04F79EFBC}") = "XUnitTestProject1", "XUnitTestProject1\XUnitTestProject1.csproj", "{A429D4FD-2DF4-484C-9621-B8163ECBABC3}"
EndProject
Global
	GlobalSection(SolutionConfigurationPlatforms) = preSolution
		Debug|Any CPU = Debug|Any CPU
		Release|Any CPU = Release|Any CPU
	EndGlobalSection
	GlobalSection(ProjectConfigurationPlatforms) = postSolution
		{09DDC592-FB9C-4B80-B715-A7B6265684DC}.Debug|Any CPU.ActiveCfg = Debug|Any CPU
		{09DDC592-FB9C-4B80-B715-A7B6265684DC}.Debug|Any CPU.Build.0 = Debug|Any CPU
		{09DDC592-FB9C-4B80-B715-A7B6265684DC}.Release|Any CPU.ActiveCfg = Release|Any CPU
		{09DDC592-FB9C-4B80-B715-A7B6265684DC}.Release|Any CPU.Build.0 = Release|Any CPU
		{A429D4FD-2DF4-484C-9621-B8163ECBABC3}.Debug|Any CPU.ActiveCfg = Debug|Any CPU
		{A429D4FD-2DF4-484C-9621-B8163ECBABC3}.Debug|Any CPU.Build.0 = Debug|Any CPU
		{A429D4FD-2DF4-484C-9621-B8163ECBABC3}.Release|Any CPU.ActiveCfg = Release|Any CPU
		{A429D4FD-2DF4-484C-9621-B8163ECBABC3}.Release|Any CPU.Build.0 = Release|Any CPU
	EndGlobalSection
	GlobalSection(SolutionProperties) = preSolution
		HideSolutionNode = FALSE
	EndGlobalSection
	GlobalSection(ExtensibilityGlobals) = postSolution
		SolutionGuid = {2E58F271-011C-4E04-B1D5-CBCB1BD35A85}
	EndGlobalSection
EndGlobal
