
Microsoft Visual Studio Solution File, Format Version 12.00
# Visual Studio 15
VisualStudioVersion = 15.0.28307.168
MinimumVisualStudioVersion = 10.0.40219.1
Project("{9A19103F-16F7-4668-BE54-9A1E7A4F7556}") = "Tree_intersection", "Tree_intersection\Tree_intersection.csproj", "{A38E4FF9-3259-411B-BEEE-6CE629A7AF57}"
EndProject
Project("{9A19103F-16F7-4668-BE54-9A1E7A4F7556}") = "Tree-intersection-test", "Tree-intersection-test\Tree-intersection-test.csproj", "{94F1E3E5-F192-40D3-90C6-C83C032F2E24}"
EndProject
Project("{9A19103F-16F7-4668-BE54-9A1E7A4F7556}") = "Tree", "..\..\Data-Structures\tree\tree\Tree.csproj", "{1689FDAE-F4F4-48A4-84BB-2B2B40B654BB}"
EndProject
Global
	GlobalSection(SolutionConfigurationPlatforms) = preSolution
		Debug|Any CPU = Debug|Any CPU
		Release|Any CPU = Release|Any CPU
	EndGlobalSection
	GlobalSection(ProjectConfigurationPlatforms) = postSolution
		{A38E4FF9-3259-411B-BEEE-6CE629A7AF57}.Debug|Any CPU.ActiveCfg = Debug|Any CPU
		{A38E4FF9-3259-411B-BEEE-6CE629A7AF57}.Debug|Any CPU.Build.0 = Debug|Any CPU
		{A38E4FF9-3259-411B-BEEE-6CE629A7AF57}.Release|Any CPU.ActiveCfg = Release|Any CPU
		{A38E4FF9-3259-411B-BEEE-6CE629A7AF57}.Release|Any CPU.Build.0 = Release|Any CPU
		{94F1E3E5-F192-40D3-90C6-C83C032F2E24}.Debug|Any CPU.ActiveCfg = Debug|Any CPU
		{94F1E3E5-F192-40D3-90C6-C83C032F2E24}.Debug|Any CPU.Build.0 = Debug|Any CPU
		{94F1E3E5-F192-40D3-90C6-C83C032F2E24}.Release|Any CPU.ActiveCfg = Release|Any CPU
		{94F1E3E5-F192-40D3-90C6-C83C032F2E24}.Release|Any CPU.Build.0 = Release|Any CPU
		{1689FDAE-F4F4-48A4-84BB-2B2B40B654BB}.Debug|Any CPU.ActiveCfg = Debug|Any CPU
		{1689FDAE-F4F4-48A4-84BB-2B2B40B654BB}.Debug|Any CPU.Build.0 = Debug|Any CPU
		{1689FDAE-F4F4-48A4-84BB-2B2B40B654BB}.Release|Any CPU.ActiveCfg = Release|Any CPU
		{1689FDAE-F4F4-48A4-84BB-2B2B40B654BB}.Release|Any CPU.Build.0 = Release|Any CPU
	EndGlobalSection
	GlobalSection(SolutionProperties) = preSolution
		HideSolutionNode = FALSE
	EndGlobalSection
	GlobalSection(ExtensibilityGlobals) = postSolution
		SolutionGuid = {6B70426D-6F19-49F9-9184-76F71A698C4F}
	EndGlobalSection
EndGlobal
