
Microsoft Visual Studio Solution File, Format Version 12.00
# Visual Studio 15
VisualStudioVersion = 15.0.28307.168
MinimumVisualStudioVersion = 10.0.40219.1
Project("{FAE04EC0-301F-11D3-BF4B-00C04F79EFBC}") = "fifo_animal_shelter", "fifo_animal_shelter\fifo_animal_shelter.csproj", "{49E8D9F6-B882-4E4D-8623-66C682B5F3C5}"
EndProject
Project("{FAE04EC0-301F-11D3-BF4B-00C04F79EFBC}") = "XUnitTestProject1", "XUnitTestProject1\XUnitTestProject1.csproj", "{1467EAD6-C354-42CF-87D3-F3FDC42D77E0}"
EndProject
Global
	GlobalSection(SolutionConfigurationPlatforms) = preSolution
		Debug|Any CPU = Debug|Any CPU
		Release|Any CPU = Release|Any CPU
	EndGlobalSection
	GlobalSection(ProjectConfigurationPlatforms) = postSolution
		{49E8D9F6-B882-4E4D-8623-66C682B5F3C5}.Debug|Any CPU.ActiveCfg = Debug|Any CPU
		{49E8D9F6-B882-4E4D-8623-66C682B5F3C5}.Debug|Any CPU.Build.0 = Debug|Any CPU
		{49E8D9F6-B882-4E4D-8623-66C682B5F3C5}.Release|Any CPU.ActiveCfg = Release|Any CPU
		{49E8D9F6-B882-4E4D-8623-66C682B5F3C5}.Release|Any CPU.Build.0 = Release|Any CPU
		{1467EAD6-C354-42CF-87D3-F3FDC42D77E0}.Debug|Any CPU.ActiveCfg = Debug|Any CPU
		{1467EAD6-C354-42CF-87D3-F3FDC42D77E0}.Debug|Any CPU.Build.0 = Debug|Any CPU
		{1467EAD6-C354-42CF-87D3-F3FDC42D77E0}.Release|Any CPU.ActiveCfg = Release|Any CPU
		{1467EAD6-C354-42CF-87D3-F3FDC42D77E0}.Release|Any CPU.Build.0 = Release|Any CPU
	EndGlobalSection
	GlobalSection(SolutionProperties) = preSolution
		HideSolutionNode = FALSE
	EndGlobalSection
	GlobalSection(ExtensibilityGlobals) = postSolution
		SolutionGuid = {A6B7F6B0-DDF2-4C89-AA9E-6FF8E04E37BA}
	EndGlobalSection
EndGlobal
