
Microsoft Visual Studio Solution File, Format Version 12.00
# Visual Studio 15
VisualStudioVersion = 15.0.28307.168
MinimumVisualStudioVersion = 10.0.40219.1
Project("{FAE04EC0-301F-11D3-BF4B-00C04F79EFBC}") = "array_binary_search", "array_binary_search\array_binary_search.csproj", "{4D6E6E2A-395A-420C-9A21-BD71C21DC359}"
EndProject
Project("{FAE04EC0-301F-11D3-BF4B-00C04F79EFBC}") = "array_binary_search XUnitTest", "array_binary_search XUnitTest\array_binary_search XUnitTest.csproj", "{D8BC559B-533E-4131-A956-E6CB0776B12B}"
EndProject
Global
	GlobalSection(SolutionConfigurationPlatforms) = preSolution
		Debug|Any CPU = Debug|Any CPU
		Release|Any CPU = Release|Any CPU
	EndGlobalSection
	GlobalSection(ProjectConfigurationPlatforms) = postSolution
		{4D6E6E2A-395A-420C-9A21-BD71C21DC359}.Debug|Any CPU.ActiveCfg = Debug|Any CPU
		{4D6E6E2A-395A-420C-9A21-BD71C21DC359}.Debug|Any CPU.Build.0 = Debug|Any CPU
		{4D6E6E2A-395A-420C-9A21-BD71C21DC359}.Release|Any CPU.ActiveCfg = Release|Any CPU
		{4D6E6E2A-395A-420C-9A21-BD71C21DC359}.Release|Any CPU.Build.0 = Release|Any CPU
		{D8BC559B-533E-4131-A956-E6CB0776B12B}.Debug|Any CPU.ActiveCfg = Debug|Any CPU
		{D8BC559B-533E-4131-A956-E6CB0776B12B}.Debug|Any CPU.Build.0 = Debug|Any CPU
		{D8BC559B-533E-4131-A956-E6CB0776B12B}.Release|Any CPU.ActiveCfg = Release|Any CPU
		{D8BC559B-533E-4131-A956-E6CB0776B12B}.Release|Any CPU.Build.0 = Release|Any CPU
	EndGlobalSection
	GlobalSection(SolutionProperties) = preSolution
		HideSolutionNode = FALSE
	EndGlobalSection
	GlobalSection(ExtensibilityGlobals) = postSolution
		SolutionGuid = {C53E2A21-E5A7-4FFD-9C8C-8D575088985C}
	EndGlobalSection
EndGlobal
