
Microsoft Visual Studio Solution File, Format Version 12.00
# Visual Studio 15
VisualStudioVersion = 15.0.28307.168
MinimumVisualStudioVersion = 10.0.40219.1
Project("{9A19103F-16F7-4668-BE54-9A1E7A4F7556}") = "Tree", "tree\Tree.csproj", "{1D201709-558B-4EEC-B7C8-0114522877F2}"
EndProject
Project("{9A19103F-16F7-4668-BE54-9A1E7A4F7556}") = "XUnitTestProject1", "XUnitTestProject1\XUnitTestProject1.csproj", "{DFD1DF92-4A87-4F37-B9B1-DA726491A709}"
EndProject
Global
	GlobalSection(SolutionConfigurationPlatforms) = preSolution
		Debug|Any CPU = Debug|Any CPU
		Release|Any CPU = Release|Any CPU
	EndGlobalSection
	GlobalSection(ProjectConfigurationPlatforms) = postSolution
		{1D201709-558B-4EEC-B7C8-0114522877F2}.Debug|Any CPU.ActiveCfg = Debug|Any CPU
		{1D201709-558B-4EEC-B7C8-0114522877F2}.Debug|Any CPU.Build.0 = Debug|Any CPU
		{1D201709-558B-4EEC-B7C8-0114522877F2}.Release|Any CPU.ActiveCfg = Release|Any CPU
		{1D201709-558B-4EEC-B7C8-0114522877F2}.Release|Any CPU.Build.0 = Release|Any CPU
		{DFD1DF92-4A87-4F37-B9B1-DA726491A709}.Debug|Any CPU.ActiveCfg = Debug|Any CPU
		{DFD1DF92-4A87-4F37-B9B1-DA726491A709}.Debug|Any CPU.Build.0 = Debug|Any CPU
		{DFD1DF92-4A87-4F37-B9B1-DA726491A709}.Release|Any CPU.ActiveCfg = Release|Any CPU
		{DFD1DF92-4A87-4F37-B9B1-DA726491A709}.Release|Any CPU.Build.0 = Release|Any CPU
	EndGlobalSection
	GlobalSection(SolutionProperties) = preSolution
		HideSolutionNode = FALSE
	EndGlobalSection
	GlobalSection(ExtensibilityGlobals) = postSolution
		SolutionGuid = {C692224A-602B-4204-B513-FD1EA30A82B8}
	EndGlobalSection
EndGlobal
