
Microsoft Visual Studio Solution File, Format Version 12.00
# Visual Studio 15
VisualStudioVersion = 15.0.28307.168
MinimumVisualStudioVersion = 10.0.40219.1
Project("{FAE04EC0-301F-11D3-BF4B-00C04F79EFBC}") = "StacksAndQueues", "StacksAndQueues\StacksAndQueues.csproj", "{58BB5828-0DE9-463D-9FE6-26983DFD1A7E}"
EndProject
Project("{FAE04EC0-301F-11D3-BF4B-00C04F79EFBC}") = "XUnitTestProject1", "XUnitTestProject1\XUnitTestProject1.csproj", "{D37D8A45-3AD0-4F53-9416-A5AA86067C51}"
EndProject
Global
	GlobalSection(SolutionConfigurationPlatforms) = preSolution
		Debug|Any CPU = Debug|Any CPU
		Release|Any CPU = Release|Any CPU
	EndGlobalSection
	GlobalSection(ProjectConfigurationPlatforms) = postSolution
		{58BB5828-0DE9-463D-9FE6-26983DFD1A7E}.Debug|Any CPU.ActiveCfg = Debug|Any CPU
		{58BB5828-0DE9-463D-9FE6-26983DFD1A7E}.Debug|Any CPU.Build.0 = Debug|Any CPU
		{58BB5828-0DE9-463D-9FE6-26983DFD1A7E}.Release|Any CPU.ActiveCfg = Release|Any CPU
		{58BB5828-0DE9-463D-9FE6-26983DFD1A7E}.Release|Any CPU.Build.0 = Release|Any CPU
		{D37D8A45-3AD0-4F53-9416-A5AA86067C51}.Debug|Any CPU.ActiveCfg = Debug|Any CPU
		{D37D8A45-3AD0-4F53-9416-A5AA86067C51}.Debug|Any CPU.Build.0 = Debug|Any CPU
		{D37D8A45-3AD0-4F53-9416-A5AA86067C51}.Release|Any CPU.ActiveCfg = Release|Any CPU
		{D37D8A45-3AD0-4F53-9416-A5AA86067C51}.Release|Any CPU.Build.0 = Release|Any CPU
	EndGlobalSection
	GlobalSection(SolutionProperties) = preSolution
		HideSolutionNode = FALSE
	EndGlobalSection
	GlobalSection(ExtensibilityGlobals) = postSolution
		SolutionGuid = {5DCD36DA-688A-42B3-8CF7-F874AAEA1247}
	EndGlobalSection
EndGlobal
