
Microsoft Visual Studio Solution File, Format Version 12.00
# Visual Studio 15
VisualStudioVersion = 15.0.28307.168
MinimumVisualStudioVersion = 10.0.40219.1
Project("{FAE04EC0-301F-11D3-BF4B-00C04F79EFBC}") = "Graph", "Graph\Graph.csproj", "{0AA124F9-A1B0-49BE-90B7-634FEA2E0638}"
EndProject
Project("{FAE04EC0-301F-11D3-BF4B-00C04F79EFBC}") = "graph-test", "graph-test\graph-test.csproj", "{4BD568AD-229A-418D-8F98-AA8CA43E7645}"
EndProject
Global
	GlobalSection(SolutionConfigurationPlatforms) = preSolution
		Debug|Any CPU = Debug|Any CPU
		Release|Any CPU = Release|Any CPU
	EndGlobalSection
	GlobalSection(ProjectConfigurationPlatforms) = postSolution
		{0AA124F9-A1B0-49BE-90B7-634FEA2E0638}.Debug|Any CPU.ActiveCfg = Debug|Any CPU
		{0AA124F9-A1B0-49BE-90B7-634FEA2E0638}.Debug|Any CPU.Build.0 = Debug|Any CPU
		{0AA124F9-A1B0-49BE-90B7-634FEA2E0638}.Release|Any CPU.ActiveCfg = Release|Any CPU
		{0AA124F9-A1B0-49BE-90B7-634FEA2E0638}.Release|Any CPU.Build.0 = Release|Any CPU
		{4BD568AD-229A-418D-8F98-AA8CA43E7645}.Debug|Any CPU.ActiveCfg = Debug|Any CPU
		{4BD568AD-229A-418D-8F98-AA8CA43E7645}.Debug|Any CPU.Build.0 = Debug|Any CPU
		{4BD568AD-229A-418D-8F98-AA8CA43E7645}.Release|Any CPU.ActiveCfg = Release|Any CPU
		{4BD568AD-229A-418D-8F98-AA8CA43E7645}.Release|Any CPU.Build.0 = Release|Any CPU
	EndGlobalSection
	GlobalSection(SolutionProperties) = preSolution
		HideSolutionNode = FALSE
	EndGlobalSection
	GlobalSection(ExtensibilityGlobals) = postSolution
		SolutionGuid = {181C817C-0B8B-458D-A921-F0014AF2BF8E}
	EndGlobalSection
EndGlobal
